<?xml version="1.0" encoding="utf-8"?>
<Project ToolsVersion="4.0" xmlns="http://schemas.microsoft.com/developer/msbuild/2003">
  <ItemGroup>
    <ApplicationDefinition Include="src\App\App.xaml" />
  </ItemGroup>
  <ItemGroup>
    <Page Include="src\Views\DashboardPage.xaml" />
    <Page Include="src\Views\Dialogs\AddPortRuleDialog.xaml" />
    <Page Include="src\Views\MainWindow.xaml" />
    <Page Include="src\Views\NetworkPage.xaml" />
    <Page Include="src\Views\PortPage.xaml" />
    <Page Include="src\Views\UPnPPage.xaml" />
  </ItemGroup>
  <ItemGroup>
    <Midl Include="DashboardViewModel.idl" />
    <Midl Include="Models.idl" />
    <Midl Include="UpnpViewModel.idl" />
    <Midl Include="UpnpDeviceItem.idl" />
    <Midl Include="PortPageViewModel.idl" />
    <Midl Include="Models.PortMappingInfo.idl" />
    <Midl Include="src\Views\DashboardPage.idl" />
    <Midl Include="src\Views\Dialogs\AddPortRuleDialog.idl" />
    <Midl Include="src\Views\MainWindow.idl" />
    <Midl Include="src\Views\NetworkPage.idl" />
    <Midl Include="src\Views\PortPage.idl" />
    <Midl Include="src\Views\UPnPPage.idl" />
  </ItemGroup>
  <ItemGroup>
    <ClCompile Include="pch.cpp" />
    <ClCompile Include="$(GeneratedFilesDir)module.g.cpp" />
    <ClCompile Include="src\App\App.xaml.cpp" />
    <ClCompile Include="src\ViewModels\DashboardViewModel.cpp" />
    <ClCompile Include="src\ViewModels\PortPageViewModel.cpp" />
    <ClCompile Include="src\ViewModels\UpnpViewModel.cpp" />
    <ClCompile Include="src\Services\NetworkStatusService.cpp" />
    <ClCompile Include="src\Services\UpnpDiscoveryService.cpp" />
    <ClCompile Include="src\Services\IgdDescriptionParser.cpp" />
    <ClCompile Include="src\Services\UpnpSoapClient.cpp" />
    <ClCompile Include="src\Services\SsdpParser.cpp" />
    <ClCompile Include="src\Services\UpnpNatPortMappingService.cpp" />
    <ClCompile Include="src\Views\DashboardPage.xaml.cpp" />
    <ClCompile Include="src\Views\Dialogs\AddPortRuleDialog.xaml.cpp" />
    <ClCompile Include="src\Views\MainWindow.xaml.cpp" />
    <ClCompile Include="src\Views\NetworkPage.xaml.cpp" />
    <ClCompile Include="src\Views\PortPage.xaml.cpp" />
    <ClCompile Include="src\Views\UPnPPage.xaml.cpp" />
  </ItemGroup>
  <ItemGroup>
    <ClInclude Include="pch.h" />
    <ClInclude Include="include\ViewModels\DashboardViewModel.h" />
    <ClInclude Include="include\Services\NetworkStatusService.h" />
    <ClInclude Include="include\Services\UpnpDiscoveryService.h" />
    <ClInclude Include="include\Services\IgdDescriptionParser.h" />
    <ClInclude Include="include\Services\UpnpIgdServiceInfo.h" />
    <ClInclude Include="include\Services\UpnpSoapClient.h" />
    <ClInclude Include="include\Services\SsdpParser.h" />
    <ClInclude Include="include\ViewModels\UpnpViewModel.h" />
    <ClInclude Include="include\ViewModels\PortPageViewModel.h" />
    <ClInclude Include="src\Services\PortMappingService.h" />
    <ClInclude Include="include\Services\UpnpNatPortMappingService.h" />
    <ClInclude Include="src\App\App.xaml.h" />
    <ClInclude Include="src\Views\DashboardPage.xaml.h" />
    <ClInclude Include="src\Views\Dialogs\AddPortRuleDialog.xaml.h" />
    <ClInclude Include="src\Views\MainWindow.xaml.h" />
    <ClInclude Include="src\Views\NetworkPage.xaml.h" />
    <ClInclude Include="src\Views\PortPage.xaml.h" />
    <ClInclude Include="src\Views\UPnPPage.xaml.h" />
  </ItemGroup>
  <ItemGroup>
    <Image Include="Assets\Wide310x150Logo.scale-200.png">
      <Filter>Assets</Filter>
    </Image>
    <Image Include="Assets\Square150x150Logo.scale-200.png">
      <Filter>Assets</Filter>
    </Image>
    <Image Include="Assets\Square44x44Logo.targetsize-24_altform-unplated.png">
      <Filter>Assets</Filter>
    </Image>
    <Image Include="Assets\Square44x44Logo.scale-200.png">
      <Filter>Assets</Filter>
    </Image>
    <Image Include="Assets\SplashScreen.scale-200.png">
      <Filter>Assets</Filter>
    </Image>
    <Image Include="icon1.ico" />
    <Image Include="Assets\SmallTile.scale-100.png">
      <Filter>Assets</Filter>
    </Image>
    <Image Include="Assets\SmallTile.scale-125.png">
      <Filter>Assets</Filter>
    </Image>
    <Image Include="Assets\SmallTile.scale-150.png">
      <Filter>Assets</Filter>
    </Image>
    <Image Include="Assets\SmallTile.scale-200.png">
      <Filter>Assets</Filter>
    </Image>
    <Image Include="Assets\SmallTile.scale-400.png">
      <Filter>Assets</Filter>
    </Image>
    <Image Include="Assets\Square150x150Logo.scale-100.png">
      <Filter>Assets</Filter>
    </Image>
    <Image Include="Assets\Square150x150Logo.scale-125.png">
      <Filter>Assets</Filter>
    </Image>
    <Image Include="Assets\Square150x150Logo.scale-150.png">
      <Filter>Assets</Filter>
    </Image>
    <Image Include="Assets\Square150x150Logo.scale-400.png">
      <Filter>Assets</Filter>
    </Image>
    <Image Include="Assets\Wide310x150Logo.scale-100.png">
      <Filter>Assets</Filter>
    </Image>
    <Image Include="Assets\Wide310x150Logo.scale-125.png">
      <Filter>Assets</Filter>
    </Image>
    <Image Include="Assets\Wide310x150Logo.scale-150.png">
      <Filter>Assets</Filter>
    </Image>
    <Image Include="Assets\Wide310x150Logo.scale-400.png">
      <Filter>Assets</Filter>
    </Image>
    <Image Include="Assets\LargeTile.scale-100.png">
      <Filter>Assets</Filter>
    </Image>
    <Image Include="Assets\LargeTile.scale-125.png">
      <Filter>Assets</Filter>
    </Image>
    <Image Include="Assets\LargeTile.scale-150.png">
      <Filter>Assets</Filter>
    </Image>
    <Image Include="Assets\LargeTile.scale-200.png">
      <Filter>Assets</Filter>
    </Image>
    <Image Include="Assets\LargeTile.scale-400.png">
      <Filter>Assets</Filter>
    </Image>
    <Image Include="Assets\Square44x44Logo.scale-100.png">
      <Filter>Assets</Filter>
    </Image>
    <Image Include="Assets\Square44x44Logo.scale-125.png">
      <Filter>Assets</Filter>
    </Image>
    <Image Include="Assets\Square44x44Logo.scale-150.png">
      <Filter>Assets</Filter>
    </Image>
    <Image Include="Assets\Square44x44Logo.scale-400.png">
      <Filter>Assets</Filter>
    </Image>
    <Image Include="Assets\Square44x44Logo.targetsize-16.png">
      <Filter>Assets</Filter>
    </Image>
    <Image Include="Assets\Square44x44Logo.targetsize-24.png">
      <Filter>Assets</Filter>
    </Image>
    <Image Include="Assets\Square44x44Logo.targetsize-32.png">
      <Filter>Assets</Filter>
    </Image>
    <Image Include="Assets\Square44x44Logo.targetsize-48.png">
      <Filter>Assets</Filter>
    </Image>
    <Image Include="Assets\Square44x44Logo.targetsize-256.png">
      <Filter>Assets</Filter>
    </Image>
    <Image Include="Assets\Square44x44Logo.altform-unplated_targetsize-16.png">
      <Filter>Assets</Filter>
    </Image>
    <Image Include="Assets\Square44x44Logo.altform-unplated_targetsize-32.png">
      <Filter>Assets</Filter>
    </Image>
    <Image Include="Assets\Square44x44Logo.altform-unplated_targetsize-48.png">
      <Filter>Assets</Filter>
    </Image>
    <Image Include="Assets\Square44x44Logo.altform-unplated_targetsize-256.png">
      <Filter>Assets</Filter>
    </Image>
    <Image Include="Assets\Square44x44Logo.altform-lightunplated_targetsize-16.png">
      <Filter>Assets</Filter>
    </Image>
    <Image Include="Assets\Square44x44Logo.altform-lightunplated_targetsize-24.png">
      <Filter>Assets</Filter>
    </Image>
    <Image Include="Assets\Square44x44Logo.altform-lightunplated_targetsize-32.png">
      <Filter>Assets</Filter>
    </Image>
    <Image Include="Assets\Square44x44Logo.altform-lightunplated_targetsize-48.png">
      <Filter>Assets</Filter>
    </Image>
    <Image Include="Assets\Square44x44Logo.altform-lightunplated_targetsize-256.png">
      <Filter>Assets</Filter>
    </Image>
    <Image Include="Assets\SplashScreen.scale-100.png">
      <Filter>Assets</Filter>
    </Image>
    <Image Include="Assets\SplashScreen.scale-125.png">
      <Filter>Assets</Filter>
    </Image>
    <Image Include="Assets\SplashScreen.scale-150.png">
      <Filter>Assets</Filter>
    </Image>
    <Image Include="Assets\SplashScreen.scale-400.png">
      <Filter>Assets</Filter>
    </Image>
    <Image Include="Assets\StoreLogo.scale-100.png">
      <Filter>Assets</Filter>
    </Image>
    <Image Include="Assets\StoreLogo.scale-125.png">
      <Filter>Assets</Filter>
    </Image>
    <Image Include="Assets\StoreLogo.scale-150.png">
      <Filter>Assets</Filter>
    </Image>
    <Image Include="Assets\StoreLogo.scale-200.png">
      <Filter>Assets</Filter>
    </Image>
    <Image Include="Assets\StoreLogo.scale-400.png">
      <Filter>Assets</Filter>
    </Image>
    <Image Include="Assets\flash.ico" />
  </ItemGroup>
  <ItemGroup>
    <Filter Include="Assets">
      <UniqueIdentifier>{d45af539-7186-4e51-872c-9f1d11d6a88b}</UniqueIdentifier>
    </Filter>
    <Filter Include="MainWindow">
      <UniqueIdentifier>{E156312F-EA14-4FBB-BB18-D8136AE8CBCB}</UniqueIdentifier>
    </Filter>
  </ItemGroup>
  <ItemGroup>
    <Text Include="readme.md" />
  </ItemGroup>
  <ItemGroup>
    <Manifest Include="app.manifest" />
  </ItemGroup>
  <ItemGroup>
    <AppxManifest Include="Package.appxmanifest" />
  </ItemGroup>
  <ItemGroup>
    <None Include="packages.config" />
    <None Include="EtherealScepter_TemporaryKey.pfx" />
    <None Include="tools\update_proj_paths.ps1" />
    <None Include="tools\update_proj_paths_cleanup.ps1" />
  </ItemGroup>
  <ItemGroup>
    <Natvis Include="$(MSBuildThisFileDirectory)..\..\natvis\wil.natvis" />
    <Natvis Include="$(MSBuildThisFileDirectory)..\..\natvis\wil.natstepfilter" />
  </ItemGroup>
</Project>