<?xml version="1.0" encoding="utf-8"?>
<Project ToolsVersion="4.0" xmlns="http://schemas.microsoft.com/developer/msbuild/2003">
  <!-- Filter 定義 -->
  <ItemGroup>
    <Filter Include="Assets">
      <UniqueIdentifier>{d45af539-7186-4e51-872c-9f1d11d6a88b}</UniqueIdentifier>
    </Filter>
    <Filter Include="App">
      <UniqueIdentifier>{E156312F-EA14-4FBB-BB18-D8136AE8CBCB}</UniqueIdentifier>
    </Filter>
    <Filter Include="Views">
      <UniqueIdentifier>{4FC737F1-C7A5-4376-A066-2A32D752A2FF}</UniqueIdentifier>
    </Filter>
    <Filter Include="Views\Dialogs">
      <UniqueIdentifier>{93995380-89BD-4b04-88EB-625FBE52EBFB}</UniqueIdentifier>
    </Filter>
    <Filter Include="ViewModels">
      <UniqueIdentifier>{67DA6AB6-F800-4c08-8B7A-83BB121AAD01}</UniqueIdentifier>
    </Filter>
    <Filter Include="Services">
      <UniqueIdentifier>{4B2B4E6A-3F7C-4D8E-9A1B-5C6D7E8F9A0B}</UniqueIdentifier>
    </Filter>
    <Filter Include="Models">
      <UniqueIdentifier>{2A3B4C5D-6E7F-8A9B-0C1D-2E3F4A5B6C7D}</UniqueIdentifier>
    </Filter>
    <Filter Include="Tools">
      <UniqueIdentifier>{8E9F0A1B-2C3D-4E5F-6A7B-8C9D0E1F2A3B}</UniqueIdentifier>
    </Filter>
    <Filter Include="ViewModels\include">
      <UniqueIdentifier>{c30f2017-d45f-4eaa-a507-6308edff0532}</UniqueIdentifier>
    </Filter>
    <Filter Include="ViewModels\src">
      <UniqueIdentifier>{ca605559-ac1d-4e3a-9a5f-2ffbb24478d2}</UniqueIdentifier>
    </Filter>
    <Filter Include="ViewModels\idl">
      <UniqueIdentifier>{c6a3c13b-5837-4fe2-930e-fd1a21c96516}</UniqueIdentifier>
    </Filter>
    <Filter Include="Services\include">
      <UniqueIdentifier>{62738bc9-1971-49a9-842f-ab6e1f4f1ab8}</UniqueIdentifier>
    </Filter>
    <Filter Include="Services\src">
      <UniqueIdentifier>{ac14a620-cfad-4905-9887-3bd0b8b7b3cf}</UniqueIdentifier>
    </Filter>
  </ItemGroup>
  <!-- App XAML -->
  <ItemGroup>
    <ApplicationDefinition Include="src\App\App.xaml">
      <Filter>App</Filter>
    </ApplicationDefinition>
  </ItemGroup>
  <!-- Views XAML Pages -->
  <ItemGroup>
    <Page Include="src\Views\MainWindow.xaml">
      <Filter>Views</Filter>
    </Page>
    <Page Include="src\Views\DashboardPage.xaml">
      <Filter>Views</Filter>
    </Page>
    <Page Include="src\Views\NetworkPage.xaml">
      <Filter>Views</Filter>
    </Page>
    <Page Include="src\Views\PortPage.xaml">
      <Filter>Views</Filter>
    </Page>
    <Page Include="src\Views\UPnPPage.xaml">
      <Filter>Views</Filter>
    </Page>
    <Page Include="src\Views\Dialogs\AddPortRuleDialog.xaml">
      <Filter>Views\Dialogs</Filter>
    </Page>
  </ItemGroup>
  <!-- IDL Files -->
  <ItemGroup>
    <Midl Include="src\Views\MainWindow.idl">
      <Filter>Views</Filter>
    </Midl>
    <Midl Include="src\Views\DashboardPage.idl">
      <Filter>Views</Filter>
    </Midl>
    <Midl Include="src\Views\NetworkPage.idl">
      <Filter>Views</Filter>
    </Midl>
    <Midl Include="src\Views\PortPage.idl">
      <Filter>Views</Filter>
    </Midl>
    <Midl Include="src\Views\UPnPPage.idl">
      <Filter>Views</Filter>
    </Midl>
    <Midl Include="src\Views\Dialogs\AddPortRuleDialog.idl">
      <Filter>Views\Dialogs</Filter>
    </Midl>
    <Midl Include="UpnpDeviceItem.idl">
      <Filter>Models</Filter>
    </Midl>
    <Midl Include="Models.idl">
      <Filter>Models</Filter>
    </Midl>
    <Midl Include="Models.PortMappingInfo.idl">
      <Filter>Models</Filter>
    </Midl>
    <Midl Include="DashboardViewModel.idl">
      <Filter>ViewModels\idl</Filter>
    </Midl>
    <Midl Include="PortPageViewModel.idl">
      <Filter>ViewModels\idl</Filter>
    </Midl>
    <Midl Include="UpnpViewModel.idl">
      <Filter>ViewModels\idl</Filter>
    </Midl>
    <Midl Include="NetworkPageViewModel.idl">
      <Filter>ViewModels\idl</Filter>
    </Midl>
  </ItemGroup>
  <!-- Source Files (.cpp) -->
  <ItemGroup>
    <ClCompile Include="pch.cpp" />
    <ClCompile Include="$(GeneratedFilesDir)module.g.cpp" />
    <ClCompile Include="src\App\App.xaml.cpp">
      <Filter>App</Filter>
    </ClCompile>
    <ClCompile Include="src\Views\MainWindow.xaml.cpp">
      <Filter>Views</Filter>
    </ClCompile>
    <ClCompile Include="src\Views\DashboardPage.xaml.cpp">
      <Filter>Views</Filter>
    </ClCompile>
    <ClCompile Include="src\Views\NetworkPage.xaml.cpp">
      <Filter>Views</Filter>
    </ClCompile>
    <ClCompile Include="src\Views\PortPage.xaml.cpp">
      <Filter>Views</Filter>
    </ClCompile>
    <ClCompile Include="src\Views\UPnPPage.xaml.cpp">
      <Filter>Views</Filter>
    </ClCompile>
    <ClCompile Include="src\Views\Dialogs\AddPortRuleDialog.xaml.cpp">
      <Filter>Views\Dialogs</Filter>
    </ClCompile>
    <ClCompile Include="src\ViewModels\DashboardViewModel.cpp">
      <Filter>ViewModels\src</Filter>
    </ClCompile>
    <ClCompile Include="src\ViewModels\NetworkPageViewModel.cpp">
      <Filter>ViewModels\src</Filter>
    </ClCompile>
    <ClCompile Include="src\ViewModels\PortPageViewModel.cpp">
      <Filter>ViewModels\src</Filter>
    </ClCompile>
    <ClCompile Include="src\ViewModels\UpnpViewModel.cpp">
      <Filter>ViewModels\src</Filter>
    </ClCompile>
    <ClCompile Include="src\Services\IgdDescriptionParser.cpp">
      <Filter>Services\src</Filter>
    </ClCompile>
    <ClCompile Include="src\Services\NetworkStatusService.cpp">
      <Filter>Services\src</Filter>
    </ClCompile>
    <ClCompile Include="src\Services\SsdpParser.cpp">
      <Filter>Services\src</Filter>
    </ClCompile>
    <ClCompile Include="src\Services\UpnpDiscoveryService.cpp">
      <Filter>Services\src</Filter>
    </ClCompile>
    <ClCompile Include="src\Services\UpnpNatPortMappingService.cpp">
      <Filter>Services\src</Filter>
    </ClCompile>
    <ClCompile Include="src\Services\UpnpSoapClient.cpp">
      <Filter>Services\src</Filter>
    </ClCompile>
    <ClCompile Include="src\Services\NetworkStatusProvider.cpp">
      <Filter>Services\src</Filter>
    </ClCompile>
  </ItemGroup>
  <!-- Header Files (.h) -->
  <ItemGroup>
    <ClInclude Include="pch.h" />
    <ClInclude Include="src\App\App.xaml.h">
      <Filter>App</Filter>
    </ClInclude>
    <ClInclude Include="src\Views\MainWindow.xaml.h">
      <Filter>Views</Filter>
    </ClInclude>
    <ClInclude Include="src\Views\DashboardPage.xaml.h">
      <Filter>Views</Filter>
    </ClInclude>
    <ClInclude Include="src\Views\NetworkPage.xaml.h">
      <Filter>Views</Filter>
    </ClInclude>
    <ClInclude Include="src\Views\PortPage.xaml.h">
      <Filter>Views</Filter>
    </ClInclude>
    <ClInclude Include="src\Views\UPnPPage.xaml.h">
      <Filter>Views</Filter>
    </ClInclude>
    <ClInclude Include="src\Views\Dialogs\AddPortRuleDialog.xaml.h">
      <Filter>Views\Dialogs</Filter>
    </ClInclude>
    <ClInclude Include="Generated Files\App.xaml.g.h" />
    <ClInclude Include="Generated Files\DashboardPage.xaml.g.h" />
    <ClInclude Include="Generated Files\MainWindow.xaml.g.h" />
    <ClInclude Include="Generated Files\NetworkPage.xaml.g.h" />
    <ClInclude Include="Generated Files\PortPage.xaml.g.h" />
    <ClInclude Include="Generated Files\UPnPPage.xaml.g.h" />
    <ClInclude Include="src\App\App.xaml.g.h" />
    <ClInclude Include="include\ViewModels\DashboardViewModel.h">
      <Filter>ViewModels\include</Filter>
    </ClInclude>
    <ClInclude Include="include\ViewModels\NetworkPageViewModel.h">
      <Filter>ViewModels\include</Filter>
    </ClInclude>
    <ClInclude Include="include\ViewModels\PortPageViewModel.h">
      <Filter>ViewModels\include</Filter>
    </ClInclude>
    <ClInclude Include="include\ViewModels\UpnpViewModel.h">
      <Filter>ViewModels\include</Filter>
    </ClInclude>
    <ClInclude Include="include\Services\IgdDescriptionParser.h">
      <Filter>Services\include</Filter>
    </ClInclude>
    <ClInclude Include="include\Services\NetworkStatusService.h">
      <Filter>Services\include</Filter>
    </ClInclude>
    <ClInclude Include="src\Services\PortMappingService.h">
      <Filter>Services\include</Filter>
    </ClInclude>
    <ClInclude Include="include\Services\SsdpParser.h">
      <Filter>Services\include</Filter>
    </ClInclude>
    <ClInclude Include="include\Services\UpnpDiscoveryService.h">
      <Filter>Services\include</Filter>
    </ClInclude>
    <ClInclude Include="include\Services\UpnpIgdServiceInfo.h">
      <Filter>Services\include</Filter>
    </ClInclude>
    <ClInclude Include="include\Services\UpnpNatPortMappingService.h">
      <Filter>Services\include</Filter>
    </ClInclude>
    <ClInclude Include="include\Services\UpnpSoapClient.h">
      <Filter>Services\include</Filter>
    </ClInclude>
    <ClInclude Include="include\Services\NetworkStatusProvider.h">
      <Filter>Services\include</Filter>
    </ClInclude>
    <ClInclude Include="src\Views\Dialogs\Views.Dialogs.AddPortRuleDialog.xaml.g.h" />
  </ItemGroup>
  <!-- Image Assets -->
  <ItemGroup>
    <Image Include="icon1.ico" />
    <Image Include="Assets\flash.ico">
      <Filter>Assets</Filter>
    </Image>
    <Image Include="Assets\SmallTile.scale-100.png">
      <Filter>Assets</Filter>
    </Image>
    <Image Include="Assets\SmallTile.scale-125.png">
      <Filter>Assets</Filter>
    </Image>
    <Image Include="Assets\SmallTile.scale-150.png">
      <Filter>Assets</Filter>
    </Image>
    <Image Include="Assets\SmallTile.scale-200.png">
      <Filter>Assets</Filter>
    </Image>
    <Image Include="Assets\SmallTile.scale-400.png">
      <Filter>Assets</Filter>
    </Image>
    <Image Include="Assets\Square150x150Logo.scale-100.png">
      <Filter>Assets</Filter>
    </Image>
    <Image Include="Assets\Square150x150Logo.scale-125.png">
      <Filter>Assets</Filter>
    </Image>
    <Image Include="Assets\Square150x150Logo.scale-150.png">
      <Filter>Assets</Filter>
    </Image>
    <Image Include="Assets\Square150x150Logo.scale-200.png">
      <Filter>Assets</Filter>
    </Image>
    <Image Include="Assets\Square150x150Logo.scale-400.png">
      <Filter>Assets</Filter>
    </Image>
    <Image Include="Assets\Wide310x150Logo.scale-100.png">
      <Filter>Assets</Filter>
    </Image>
    <Image Include="Assets\Wide310x150Logo.scale-125.png">
      <Filter>Assets</Filter>
    </Image>
    <Image Include="Assets\Wide310x150Logo.scale-150.png">
      <Filter>Assets</Filter>
    </Image>
    <Image Include="Assets\Wide310x150Logo.scale-200.png">
      <Filter>Assets</Filter>
    </Image>
    <Image Include="Assets\Wide310x150Logo.scale-400.png">
      <Filter>Assets</Filter>
    </Image>
    <Image Include="Assets\LargeTile.scale-100.png">
      <Filter>Assets</Filter>
    </Image>
    <Image Include="Assets\LargeTile.scale-125.png">
      <Filter>Assets</Filter>
    </Image>
    <Image Include="Assets\LargeTile.scale-150.png">
      <Filter>Assets</Filter>
    </Image>
    <Image Include="Assets\LargeTile.scale-200.png">
      <Filter>Assets</Filter>
    </Image>
    <Image Include="Assets\LargeTile.scale-400.png">
      <Filter>Assets</Filter>
    </Image>
    <Image Include="Assets\Square44x44Logo.scale-100.png">
      <Filter>Assets</Filter>
    </Image>
    <Image Include="Assets\Square44x44Logo.scale-125.png">
      <Filter>Assets</Filter>
    </Image>
    <Image Include="Assets\Square44x44Logo.scale-150.png">
      <Filter>Assets</Filter>
    </Image>
    <Image Include="Assets\Square44x44Logo.scale-200.png">
      <Filter>Assets</Filter>
    </Image>
    <Image Include="Assets\Square44x44Logo.scale-400.png">
      <Filter>Assets</Filter>
    </Image>
    <Image Include="Assets\Square44x44Logo.targetsize-16.png">
      <Filter>Assets</Filter>
    </Image>
    <Image Include="Assets\Square44x44Logo.targetsize-24.png">
      <Filter>Assets</Filter>
    </Image>
    <Image Include="Assets\Square44x44Logo.targetsize-24_altform-unplated.png">
      <Filter>Assets</Filter>
    </Image>
    <Image Include="Assets\Square44x44Logo.targetsize-32.png">
      <Filter>Assets</Filter>
    </Image>
    <Image Include="Assets\Square44x44Logo.targetsize-48.png">
      <Filter>Assets</Filter>
    </Image>
    <Image Include="Assets\Square44x44Logo.targetsize-256.png">
      <Filter>Assets</Filter>
    </Image>
    <Image Include="Assets\Square44x44Logo.altform-unplated_targetsize-16.png">
      <Filter>Assets</Filter>
    </Image>
    <Image Include="Assets\Square44x44Logo.altform-unplated_targetsize-32.png">
      <Filter>Assets</Filter>
    </Image>
    <Image Include="Assets\Square44x44Logo.altform-unplated_targetsize-48.png">
      <Filter>Assets</Filter>
    </Image>
    <Image Include="Assets\Square44x44Logo.altform-unplated_targetsize-256.png">
      <Filter>Assets</Filter>
    </Image>
    <Image Include="Assets\Square44x44Logo.altform-lightunplated_targetsize-16.png">
      <Filter>Assets</Filter>
    </Image>
    <Image Include="Assets\Square44x44Logo.altform-lightunplated_targetsize-24.png">
      <Filter>Assets</Filter>
    </Image>
    <Image Include="Assets\Square44x44Logo.altform-lightunplated_targetsize-32.png">
      <Filter>Assets</Filter>
    </Image>
    <Image Include="Assets\Square44x44Logo.altform-lightunplated_targetsize-48.png">
      <Filter>Assets</Filter>
    </Image>
    <Image Include="Assets\Square44x44Logo.altform-lightunplated_targetsize-256.png">
      <Filter>Assets</Filter>
    </Image>
    <Image Include="Assets\SplashScreen.scale-100.png">
      <Filter>Assets</Filter>
    </Image>
    <Image Include="Assets\SplashScreen.scale-125.png">
      <Filter>Assets</Filter>
    </Image>
    <Image Include="Assets\SplashScreen.scale-150.png">
      <Filter>Assets</Filter>
    </Image>
    <Image Include="Assets\SplashScreen.scale-200.png">
      <Filter>Assets</Filter>
    </Image>
    <Image Include="Assets\SplashScreen.scale-400.png">
      <Filter>Assets</Filter>
    </Image>
    <Image Include="Assets\StoreLogo.scale-100.png">
      <Filter>Assets</Filter>
    </Image>
    <Image Include="Assets\StoreLogo.scale-125.png">
      <Filter>Assets</Filter>
    </Image>
    <Image Include="Assets\StoreLogo.scale-150.png">
      <Filter>Assets</Filter>
    </Image>
    <Image Include="Assets\StoreLogo.scale-200.png">
      <Filter>Assets</Filter>
    </Image>
    <Image Include="Assets\StoreLogo.scale-400.png">
      <Filter>Assets</Filter>
    </Image>
  </ItemGroup>
  <!-- Other Files -->
  <ItemGroup>
    <Text Include="readme.md" />
  </ItemGroup>
  <ItemGroup>
    <Manifest Include="app.manifest" />
  </ItemGroup>
  <ItemGroup>
    <AppxManifest Include="Package.appxmanifest" />
  </ItemGroup>
  <ItemGroup>
    <None Include="packages.config" />
    <None Include="EtherealScepter_TemporaryKey.pfx" />
    <None Include="tools\update_proj_paths.ps1">
      <Filter>Tools</Filter>
    </None>
    <None Include="tools\update_proj_paths_cleanup.ps1">
      <Filter>Tools</Filter>
    </None>
    <None Include="EtherealScepter.vcxproj.filters.new" />
  </ItemGroup>
  <ItemGroup>
    <Natvis Include="$(MSBuildThisFileDirectory)..\..\natvis\wil.natvis" />
    <Natvis Include="$(MSBuildThisFileDirectory)..\..\natvis\wil.natstepfilter" />
  </ItemGroup>
</Project>