<?xml version="1.0" encoding="utf-8"?>
<Project ToolsVersion="4.0" xmlns="http://schemas.microsoft.com/developer/msbuild/2003">
  <ItemGroup>
    <Filter Include="Source Files">
      <UniqueIdentifier>{4FC737F1-C7A5-4376-A066-2A32D752A2FF}</UniqueIdentifier>
      <Extensions>cpp;c;cc;cxx;c++;cppm;ixx;def;odl;idl;hpj;bat;asm;asmx</Extensions>
    </Filter>
    <Filter Include="Header Files">
      <UniqueIdentifier>{93995380-89BD-4b04-88EB-625FBE52EBFB}</UniqueIdentifier>
      <Extensions>h;hh;hpp;hxx;h++;hm;inl;inc;ipp;xsd</Extensions>
    </Filter>
    <Filter Include="Tests">
      <UniqueIdentifier>{67DA6AB6-F800-4c08-8B7A-83BB121AAD01}</UniqueIdentifier>
    </Filter>
    <Filter Include="Tests\Services">
      <UniqueIdentifier>{8E9D0A24-B5C5-4E3F-B1C2-1A2B3C4D5E6F}</UniqueIdentifier>
    </Filter>
    <Filter Include="Tests\ViewModels">
      <UniqueIdentifier>{9F0E1B35-C6D6-5F4A-C2D3-2B3C4D5E6F7A}</UniqueIdentifier>
    </Filter>
  </ItemGroup>
  <ItemGroup>
    <ClInclude Include="pch.h">
      <Filter>Header Files</Filter>
    </ClInclude>
    <ClInclude Include="..\..\include\Services\SsdpParser.h">
      <Filter>Header Files</Filter>
    </ClInclude>
  </ItemGroup>
  <ItemGroup>
    <ClCompile Include="pch.cpp">
      <Filter>Source Files</Filter>
    </ClCompile>
    <ClCompile Include="SsdpParser.cpp">
      <Filter>Source Files</Filter>
    </ClCompile>
    <ClCompile Include="SsdpParserTests.cpp">
      <Filter>Tests\Services</Filter>
    </ClCompile>
    <ClCompile Include="IgdDescriptionParserHelperTests.cpp">
      <Filter>Tests\Services</Filter>
    </ClCompile>
    <ClCompile Include="ViewModelBrushTests.cpp">
      <Filter>Tests\ViewModels</Filter>
    </ClCompile>
    <ClCompile Include="PortPageViewModelTests.cpp">
      <Filter>Tests\ViewModels</Filter>
    </ClCompile>
  </ItemGroup>
  <ItemGroup>
    <None Include="EtherealScepter.Tests.sln" />
  </ItemGroup>
</Project>